// !$*UTF8*$!
{
	archiveVersion = 1;
	classes = {
	};
	objectVersion = 48;
	objects = {

/* Begin PBXBuildFile section */
		1F54E6BE20183272004E5EDE /* U17Tests.swift in Sources */ = {isa = PBXBuildFile; fileRef = 1F54E6BD20183272004E5EDE /* U17Tests.swift */; };
		1F54E6C920183272004E5EDE /* U17UITests.swift in Sources */ = {isa = PBXBuildFile; fileRef = 1F54E6C820183272004E5EDE /* U17UITests.swift */; };
		1F54E6D820183627004E5EDE /* AppDelegate.swift in Sources */ = {isa = PBXBuildFile; fileRef = 1F54E6D720183626004E5EDE /* AppDelegate.swift */; };
		1F54E6E1201836DD004E5EDE /* Assets.xcassets in Resources */ = {isa = PBXBuildFile; fileRef = 1F54E6DA201836DD004E5EDE /* Assets.xcassets */; };
		1F54E6E2201836DD004E5EDE /* LaunchScreen.storyboard in Resources */ = {isa = PBXBuildFile; fileRef = 1F54E6DD201836DD004E5EDE /* LaunchScreen.storyboard */; };
		1F54E6E3201836DD004E5EDE /* Info.plist in Resources */ = {isa = PBXBuildFile; fileRef = 1F54E6DF201836DD004E5EDE /* Info.plist */; };
/* End PBXBuildFile section */

/* Begin PBXContainerItemProxy section */
		1F54E6BA20183272004E5EDE /* PBXContainerItemProxy */ = {
			isa = PBXContainerItemProxy;
			containerPortal = 1F54E69D20183272004E5EDE /* Project object */;
			proxyType = 1;
			remoteGlobalIDString = 1F54E6A420183272004E5EDE;
			remoteInfo = U17;
		};
		1F54E6C520183272004E5EDE /* PBXContainerItemProxy */ = {
			isa = PBXContainerItemProxy;
			containerPortal = 1F54E69D20183272004E5EDE /* Project object */;
			proxyType = 1;
			remoteGlobalIDString = 1F54E6A420183272004E5EDE;
			remoteInfo = U17;
		};
/* End PBXContainerItemProxy section */

/* Begin PBXFileReference section */
		1F54E6A520183272004E5EDE /* U17.app */ = {isa = PBXFileReference; explicitFileType = wrapper.application; includeInIndex = 0; path = U17.app; sourceTree = BUILT_PRODUCTS_DIR; };
		1F54E6B920183272004E5EDE /* U17Tests.xctest */ = {isa = PBXFileReference; explicitFileType = wrapper.cfbundle; includeInIndex = 0; path = U17Tests.xctest; sourceTree = BUILT_PRODUCTS_DIR; };
		1F54E6BD20183272004E5EDE /* U17Tests.swift */ = {isa = PBXFileReference; lastKnownFileType = sourcecode.swift; path = U17Tests.swift; sourceTree = "<group>"; };
		1F54E6BF20183272004E5EDE /* Info.plist */ = {isa = PBXFileReference; lastKnownFileType = text.plist.xml; path = Info.plist; sourceTree = "<group>"; };
		1F54E6C420183272004E5EDE /* U17UITests.xctest */ = {isa = PBXFileReference; explicitFileType = wrapper.cfbundle; includeInIndex = 0; path = U17UITests.xctest; sourceTree = BUILT_PRODUCTS_DIR; };
		1F54E6C820183272004E5EDE /* U17UITests.swift */ = {isa = PBXFileReference; lastKnownFileType = sourcecode.swift; path = U17UITests.swift; sourceTree = "<group>"; };
		1F54E6CA20183272004E5EDE /* Info.plist */ = {isa = PBXFileReference; lastKnownFileType = text.plist.xml; path = Info.plist; sourceTree = "<group>"; };
		1F54E6D720183626004E5EDE /* AppDelegate.swift */ = {isa = PBXFileReference; fileEncoding = 4; lastKnownFileType = sourcecode.swift; path = AppDelegate.swift; sourceTree = "<group>"; };
		1F54E6DA201836DD004E5EDE /* Assets.xcassets */ = {isa = PBXFileReference; lastKnownFileType = folder.assetcatalog; path = Assets.xcassets; sourceTree = "<group>"; };
		1F54E6DE201836DD004E5EDE /* Base */ = {isa = PBXFileReference; lastKnownFileType = file.storyboard; name = Base; path = Base.lproj/LaunchScreen.storyboard; sourceTree = "<group>"; };
		1F54E6DF201836DD004E5EDE /* Info.plist */ = {isa = PBXFileReference; fileEncoding = 4; lastKnownFileType = text.plist.xml; path = Info.plist; sourceTree = "<group>"; };
/* End PBXFileReference section */

/* Begin PBXFrameworksBuildPhase section */
		1F54E6A220183272004E5EDE /* Frameworks */ = {
			isa = PBXFrameworksBuildPhase;
			buildActionMask = 2147483647;
			files = (
			);
			runOnlyForDeploymentPostprocessing = 0;
		};
		1F54E6B620183272004E5EDE /* Frameworks */ = {
			isa = PBXFrameworksBuildPhase;
			buildActionMask = 2147483647;
			files = (
			);
			runOnlyForDeploymentPostprocessing = 0;
		};
		1F54E6C120183272004E5EDE /* Frameworks */ = {
			isa = PBXFrameworksBuildPhase;
			buildActionMask = 2147483647;
			files = (
			);
			runOnlyForDeploymentPostprocessing = 0;
		};
/* End PBXFrameworksBuildPhase section */

/* Begin PBXGroup section */
		1F54E69C20183272004E5EDE = {
			isa = PBXGroup;
			children = (
				1F54E6A720183272004E5EDE /* U17 */,
				1F54E6BC20183272004E5EDE /* U17Tests */,
				1F54E6C720183272004E5EDE /* U17UITests */,
				1F54E6A620183272004E5EDE /* Products */,
			);
			sourceTree = "<group>";
		};
		1F54E6A620183272004E5EDE /* Products */ = {
			isa = PBXGroup;
			children = (
				1F54E6A520183272004E5EDE /* U17.app */,
				1F54E6B920183272004E5EDE /* U17Tests.xctest */,
				1F54E6C420183272004E5EDE /* U17UITests.xctest */,
			);
			name = Products;
			sourceTree = "<group>";
		};
		1F54E6A720183272004E5EDE /* U17 */ = {
			isa = PBXGroup;
			children = (
				1F54E6D620183626004E5EDE /* AppDelegate */,
				1F54E6E0201836DD004E5EDE /* Module */,
				1F54E6DB201836DD004E5EDE /* Common */,
				1F54E6D9201836DD004E5EDE /* Resource */,
				1F54E6DC201836DD004E5EDE /* SupportingFile */,
			);
			path = U17;
			sourceTree = "<group>";
		};
		1F54E6BC20183272004E5EDE /* U17Tests */ = {
			isa = PBXGroup;
			children = (
				1F54E6BD20183272004E5EDE /* U17Tests.swift */,
				1F54E6BF20183272004E5EDE /* Info.plist */,
			);
			path = U17Tests;
			sourceTree = "<group>";
		};
		1F54E6C720183272004E5EDE /* U17UITests */ = {
			isa = PBXGroup;
			children = (
				1F54E6C820183272004E5EDE /* U17UITests.swift */,
				1F54E6CA20183272004E5EDE /* Info.plist */,
			);
			path = U17UITests;
			sourceTree = "<group>";
		};
		1F54E6D620183626004E5EDE /* AppDelegate */ = {
			isa = PBXGroup;
			children = (
				1F54E6D720183626004E5EDE /* AppDelegate.swift */,
			);
			path = AppDelegate;
			sourceTree = "<group>";
		};
		1F54E6D9201836DD004E5EDE /* Resource */ = {
			isa = PBXGroup;
			children = (
				1F54E6DA201836DD004E5EDE /* Assets.xcassets */,
			);
			path = Resource;
			sourceTree = "<group>";
		};
		1F54E6DB201836DD004E5EDE /* Common */ = {
			isa = PBXGroup;
			children = (
			);
			path = Common;
			sourceTree = "<group>";
		};
		1F54E6DC201836DD004E5EDE /* SupportingFile */ = {
			isa = PBXGroup;
			children = (
				1F54E6DD201836DD004E5EDE /* LaunchScreen.storyboard */,
				1F54E6DF201836DD004E5EDE /* Info.plist */,
			);
			path = SupportingFile;
			sourceTree = "<group>";
		};
		1F54E6E0201836DD004E5EDE /* Module */ = {
			isa = PBXGroup;
			children = (
			);
			path = Module;
			sourceTree = "<group>";
		};
/* End PBXGroup section */

/* Begin PBXNativeTarget section */
		1F54E6A420183272004E5EDE /* U17 */ = {
			isa = PBXNativeTarget;
			buildConfigurationList = 1F54E6CD20183272004E5EDE /* Build configuration list for PBXNativeTarget "U17" */;
			buildPhases = (
				1F54E6A120183272004E5EDE /* Sources */,
				1F54E6A220183272004E5EDE /* Frameworks */,
				1F54E6A320183272004E5EDE /* Resources */,
			);
			buildRules = (
			);
			dependencies = (
			);
			name = U17;
			productName = U17;
			productReference = 1F54E6A520183272004E5EDE /* U17.app */;
			productType = "com.apple.product-type.application";
		};
		1F54E6B820183272004E5EDE /* U17Tests */ = {
			isa = PBXNativeTarget;
			buildConfigurationList = 1F54E6D020183272004E5EDE /* Build configuration list for PBXNativeTarget "U17Tests" */;
			buildPhases = (
				1F54E6B520183272004E5EDE /* Sources */,
				1F54E6B620183272004E5EDE /* Frameworks */,
				1F54E6B720183272004E5EDE /* Resources */,
			);
			buildRules = (
			);
			dependencies = (
				1F54E6BB20183272004E5EDE /* PBXTargetDependency */,
			);
			name = U17Tests;
			productName = U17Tests;
			productReference = 1F54E6B920183272004E5EDE /* U17Tests.xctest */;
			productType = "com.apple.product-type.bundle.unit-test";
		};
		1F54E6C320183272004E5EDE /* U17UITests */ = {
			isa = PBXNativeTarget;
			buildConfigurationList = 1F54E6D320183272004E5EDE /* Build configuration list for PBXNativeTarget "U17UITests" */;
			buildPhases = (
				1F54E6C020183272004E5EDE /* Sources */,
				1F54E6C120183272004E5EDE /* Frameworks */,
				1F54E6C220183272004E5EDE /* Resources */,
			);
			buildRules = (
			);
			dependencies = (
				1F54E6C620183272004E5EDE /* PBXTargetDependency */,
			);
			name = U17UITests;
			productName = U17UITests;
			productReference = 1F54E6C420183272004E5EDE /* U17UITests.xctest */;
			productType = "com.apple.product-type.bundle.ui-testing";
		};
/* End PBXNativeTarget section */

/* Begin PBXProject section */
		1F54E69D20183272004E5EDE /* Project object */ = {
			isa = PBXProject;
			attributes = {
				LastSwiftUpdateCheck = 0920;
				LastUpgradeCheck = 0920;
				ORGANIZATIONNAME = shijialong;
				TargetAttributes = {
					1F54E6A420183272004E5EDE = {
						CreatedOnToolsVersion = 9.2;
						ProvisioningStyle = Automatic;
					};
					1F54E6B820183272004E5EDE = {
						CreatedOnToolsVersion = 9.2;
						ProvisioningStyle = Automatic;
						TestTargetID = 1F54E6A420183272004E5EDE;
					};
					1F54E6C320183272004E5EDE = {
						CreatedOnToolsVersion = 9.2;
						ProvisioningStyle = Automatic;
						TestTargetID = 1F54E6A420183272004E5EDE;
					};
				};
			};
			buildConfigurationList = 1F54E6A020183272004E5EDE /* Build configuration list for PBXProject "U17" */;
			compatibilityVersion = "Xcode 8.0";
			developmentRegion = en;
			hasScannedForEncodings = 0;
			knownRegions = (
				en,
				Base,
			);
			mainGroup = 1F54E69C20183272004E5EDE;
			productRefGroup = 1F54E6A620183272004E5EDE /* Products */;
			projectDirPath = "";
			projectRoot = "";
			targets = (
				1F54E6A420183272004E5EDE /* U17 */,
				1F54E6B820183272004E5EDE /* U17Tests */,
				1F54E6C320183272004E5EDE /* U17UITests */,
			);
		};
/* End PBXProject section */

/* Begin PBXResourcesBuildPhase section */
		1F54E6A320183272004E5EDE /* Resources */ = {
			isa = PBXResourcesBuildPhase;
			buildActionMask = 2147483647;
			files = (
				1F54E6E1201836DD004E5EDE /* Assets.xcassets in Resources */,
				1F54E6E2201836DD004E5EDE /* LaunchScreen.storyboard in Resources */,
				1F54E6E3201836DD004E5EDE /* Info.plist in Resources */,
			);
			runOnlyForDeploymentPostprocessing = 0;
		};
		1F54E6B720183272004E5EDE /* Resources */ = {
			isa = PBXResourcesBuildPhase;
			buildActionMask = 2147483647;
			files = (
			);
			runOnlyForDeploymentPostprocessing = 0;
		};
		1F54E6C220183272004E5EDE /* Resources */ = {
			isa = PBXResourcesBuildPhase;
			buildActionMask = 2147483647;
			files = (
			);
			runOnlyForDeploymentPostprocessing = 0;
		};
/* End PBXResourcesBuildPhase section */

/* Begin PBXSourcesBuildPhase section */
		1F54E6A120183272004E5EDE /* Sources */ = {
			isa = PBXSourcesBuildPhase;
			buildActionMask = 2147483647;
			files = (
				1F54E6D820183627004E5EDE /* AppDelegate.swift in Sources */,
			);
			runOnlyForDeploymentPostprocessing = 0;
		};
		1F54E6B520183272004E5EDE /* Sources */ = {
			isa = PBXSourcesBuildPhase;
			buildActionMask = 2147483647;
			files = (
				1F54E6BE20183272004E5EDE /* U17Tests.swift in Sources */,
			);
			runOnlyForDeploymentPostprocessing = 0;
		};
		1F54E6C020183272004E5EDE /* Sources */ = {
			isa = PBXSourcesBuildPhase;
			buildActionMask = 2147483647;
			files = (
				1F54E6C920183272004E5EDE /* U17UITests.swift in Sources */,
			);
			runOnlyForDeploymentPostprocessing = 0;
		};
/* End PBXSourcesBuildPhase section */

/* Begin PBXTargetDependency section */
		1F54E6BB20183272004E5EDE /* PBXTargetDependency */ = {
			isa = PBXTargetDependency;
			target = 1F54E6A420183272004E5EDE /* U17 */;
			targetProxy = 1F54E6BA20183272004E5EDE /* PBXContainerItemProxy */;
		};
		1F54E6C620183272004E5EDE /* PBXTargetDependency */ = {
			isa = PBXTargetDependency;
			target = 1F54E6A420183272004E5EDE /* U17 */;
			targetProxy = 1F54E6C520183272004E5EDE /* PBXContainerItemProxy */;
		};
/* End PBXTargetDependency section */

/* Begin PBXVariantGroup section */
		1F54E6DD201836DD004E5EDE /* LaunchScreen.storyboard */ = {
			isa = PBXVariantGroup;
			children = (
				1F54E6DE201836DD004E5EDE /* Base */,
			);
			name = LaunchScreen.storyboard;
			sourceTree = "<group>";
		};
/* End PBXVariantGroup section */

/* Begin XCBuildConfiguration section */
		1F54E6CB20183272004E5EDE /* Debug */ = {
			isa = XCBuildConfiguration;
			buildSettings = {
				ALWAYS_SEARCH_USER_PATHS = NO;
				CLANG_ANALYZER_NONNULL = YES;
				CLANG_ANALYZER_NUMBER_OBJECT_CONVERSION = YES_AGGRESSIVE;
				CLANG_CXX_LANGUAGE_STANDARD = "gnu++14";
				CLANG_CXX_LIBRARY = "libc++";
				CLANG_ENABLE_MODULES = YES;
				CLANG_ENABLE_OBJC_ARC = YES;
				CLANG_WARN_BLOCK_CAPTURE_AUTORELEASING = YES;
				CLANG_WARN_BOOL_CONVERSION = YES;
				CLANG_WARN_COMMA = YES;
				CLANG_WARN_CONSTANT_CONVERSION = YES;
				CLANG_WARN_DIRECT_OBJC_ISA_USAGE = YES_ERROR;
				CLANG_WARN_DOCUMENTATION_COMMENTS = YES;
				CLANG_WARN_EMPTY_BODY = YES;
				CLANG_WARN_ENUM_CONVERSION = YES;
				CLANG_WARN_INFINITE_RECURSION = YES;
				CLANG_WARN_INT_CONVERSION = YES;
				CLANG_WARN_NON_LITERAL_NULL_CONVERSION = YES;
				CLANG_WARN_OBJC_LITERAL_CONVERSION = YES;
				CLANG_WARN_OBJC_ROOT_CLASS = YES_ERROR;
				CLANG_WARN_RANGE_LOOP_ANALYSIS = YES;
				CLANG_WARN_STRICT_PROTOTYPES = YES;
				CLANG_WARN_SUSPICIOUS_MOVE = YES;
				CLANG_WARN_UNGUARDED_AVAILABILITY = YES_AGGRESSIVE;
				CLANG_WARN_UNREACHABLE_CODE = YES;
				CLANG_WARN__DUPLICATE_METHOD_MATCH = YES;
				CODE_SIGN_IDENTITY = "iPhone Developer";
				COPY_PHASE_STRIP = NO;
				DEBUG_INFORMATION_FORMAT = dwarf;
				ENABLE_STRICT_OBJC_MSGSEND = YES;
				ENABLE_TESTABILITY = YES;
				GCC_C_LANGUAGE_STANDARD = gnu11;
				GCC_DYNAMIC_NO_PIC = NO;
				GCC_NO_COMMON_BLOCKS = YES;
				GCC_OPTIMIZATION_LEVEL = 0;
				GCC_PREPROCESSOR_DEFINITIONS = (
					"DEBUG=1",
					"$(inherited)",
				);
				GCC_WARN_64_TO_32_BIT_CONVERSION = YES;
				GCC_WARN_ABOUT_RETURN_TYPE = YES_ERROR;
				GCC_WARN_UNDECLARED_SELECTOR = YES;
				GCC_WARN_UNINITIALIZED_AUTOS = YES_AGGRESSIVE;
				GCC_WARN_UNUSED_FUNCTION = YES;
				GCC_WARN_UNUSED_VARIABLE = YES;
				IPHONEOS_DEPLOYMENT_TARGET = 11.2;
				MTL_ENABLE_DEBUG_INFO = YES;
				ONLY_ACTIVE_ARCH = YES;
				SDKROOT = iphoneos;
				SWIFT_ACTIVE_COMPILATION_CONDITIONS = DEBUG;
				SWIFT_OPTIMIZATION_LEVEL = "-Onone";
			};
			name = Debug;
		};
		1F54E6CC20183272004E5EDE /* Release */ = {
			isa = XCBuildConfiguration;
			buildSettings = {
				ALWAYS_SEARCH_USER_PATHS = NO;
				CLANG_ANALYZER_NONNULL = YES;
				CLANG_ANALYZER_NUMBER_OBJECT_CONVERSION = YES_AGGRESSIVE;
				CLANG_CXX_LANGUAGE_STANDARD = "gnu++14";
				CLANG_CXX_LIBRARY = "libc++";
				CLANG_ENABLE_MODULES = YES;
				CLANG_ENABLE_OBJC_ARC = YES;
				CLANG_WARN_BLOCK_CAPTURE_AUTORELEASING = YES;
				CLANG_WARN_BOOL_CONVERSION = YES;
				CLANG_WARN_COMMA = YES;
				CLANG_WARN_CONSTANT_CONVERSION = YES;
				CLANG_WARN_DIRECT_OBJC_ISA_USAGE = YES_ERROR;
				CLANG_WARN_DOCUMENTATION_COMMENTS = YES;
				CLANG_WARN_EMPTY_BODY = YES;
				CLANG_WARN_ENUM_CONVERSION = YES;
				CLANG_WARN_INFINITE_RECURSION = YES;
				CLANG_WARN_INT_CONVERSION = YES;
				CLANG_WARN_NON_LITERAL_NULL_CONVERSION = YES;
				CLANG_WARN_OBJC_LITERAL_CONVERSION = YES;
				CLANG_WARN_OBJC_ROOT_CLASS = YES_ERROR;
				CLANG_WARN_RANGE_LOOP_ANALYSIS = YES;
				CLANG_WARN_STRICT_PROTOTYPES = YES;
				CLANG_WARN_SUSPICIOUS_MOVE = YES;
				CLANG_WARN_UNGUARDED_AVAILABILITY = YES_AGGRESSIVE;
				CLANG_WARN_UNREACHABLE_CODE = YES;
				CLANG_WARN__DUPLICATE_METHOD_MATCH = YES;
				CODE_SIGN_IDENTITY = "iPhone Developer";
				COPY_PHASE_STRIP = NO;
				DEBUG_INFORMATION_FORMAT = "dwarf-with-dsym";
				ENABLE_NS_ASSERTIONS = NO;
				ENABLE_STRICT_OBJC_MSGSEND = YES;
				GCC_C_LANGUAGE_STANDARD = gnu11;
				GCC_NO_COMMON_BLOCKS = YES;
				GCC_WARN_64_TO_32_BIT_CONVERSION = YES;
				GCC_WARN_ABOUT_RETURN_TYPE = YES_ERROR;
				GCC_WARN_UNDECLARED_SELECTOR = YES;
				GCC_WARN_UNINITIALIZED_AUTOS = YES_AGGRESSIVE;
				GCC_WARN_UNUSED_FUNCTION = YES;
				GCC_WARN_UNUSED_VARIABLE = YES;
				IPHONEOS_DEPLOYMENT_TARGET = 11.2;
				MTL_ENABLE_DEBUG_INFO = NO;
				SDKROOT = iphoneos;
				SWIFT_OPTIMIZATION_LEVEL = "-Owholemodule";
				VALIDATE_PRODUCT = YES;
			};
			name = Release;
		};
		1F54E6CE20183272004E5EDE /* Debug */ = {
			isa = XCBuildConfiguration;
			buildSettings = {
				ASSETCATALOG_COMPILER_APPICON_NAME = AppIcon;
				CODE_SIGN_STYLE = Automatic;
				INFOPLIST_FILE = U17/Info.plist;
				LD_RUNPATH_SEARCH_PATHS = "$(inherited) @executable_path/Frameworks";
				PRODUCT_BUNDLE_IDENTIFIER = shijialong.U17;
				PRODUCT_NAME = "$(TARGET_NAME)";
				SWIFT_VERSION = 4.0;
				TARGETED_DEVICE_FAMILY = "1,2";
			};
			name = Debug;
		};
		1F54E6CF20183272004E5EDE /* Release */ = {
			isa = XCBuildConfiguration;
			buildSettings = {
				ASSETCATALOG_COMPILER_APPICON_NAME = AppIcon;
				CODE_SIGN_STYLE = Automatic;
				INFOPLIST_FILE = U17/Info.plist;
				LD_RUNPATH_SEARCH_PATHS = "$(inherited) @executable_path/Frameworks";
				PRODUCT_BUNDLE_IDENTIFIER = shijialong.U17;
				PRODUCT_NAME = "$(TARGET_NAME)";
				SWIFT_VERSION = 4.0;
				TARGETED_DEVICE_FAMILY = "1,2";
			};
			name = Release;
		};
		1F54E6D120183272004E5EDE /* Debug */ = {
			isa = XCBuildConfiguration;
			buildSettings = {
				ALWAYS_EMBED_SWIFT_STANDARD_LIBRARIES = YES;
				BUNDLE_LOADER = "$(TEST_HOST)";
				CODE_SIGN_STYLE = Automatic;
				INFOPLIST_FILE = U17Tests/Info.plist;
				LD_RUNPATH_SEARCH_PATHS = "$(inherited) @executable_path/Frameworks @loader_path/Frameworks";
				PRODUCT_BUNDLE_IDENTIFIER = shijialong.U17Tests;
				PRODUCT_NAME = "$(TARGET_NAME)";
				SWIFT_VERSION = 4.0;
				TARGETED_DEVICE_FAMILY = "1,2";
				TEST_HOST = "$(BUILT_PRODUCTS_DIR)/U17.app/U17";
			};
			name = Debug;
		};
		1F54E6D220183272004E5EDE /* Release */ = {
			isa = XCBuildConfiguration;
			buildSettings = {
				ALWAYS_EMBED_SWIFT_STANDARD_LIBRARIES = YES;
				BUNDLE_LOADER = "$(TEST_HOST)";
				CODE_SIGN_STYLE = Automatic;
				INFOPLIST_FILE = U17Tests/Info.plist;
				LD_RUNPATH_SEARCH_PATHS = "$(inherited) @executable_path/Frameworks @loader_path/Frameworks";
				PRODUCT_BUNDLE_IDENTIFIER = shijialong.U17Tests;
				PRODUCT_NAME = "$(TARGET_NAME)";
				SWIFT_VERSION = 4.0;
				TARGETED_DEVICE_FAMILY = "1,2";
				TEST_HOST = "$(BUILT_PRODUCTS_DIR)/U17.app/U17";
			};
			name = Release;
		};
		1F54E6D420183272004E5EDE /* Debug */ = {
			isa = XCBuildConfiguration;
			buildSettings = {
				ALWAYS_EMBED_SWIFT_STANDARD_LIBRARIES = YES;
				CODE_SIGN_STYLE = Automatic;
				INFOPLIST_FILE = U17UITests/Info.plist;
				LD_RUNPATH_SEARCH_PATHS = "$(inherited) @executable_path/Frameworks @loader_path/Frameworks";
				PRODUCT_BUNDLE_IDENTIFIER = shijialong.U17UITests;
				PRODUCT_NAME = "$(TARGET_NAME)";
				SWIFT_VERSION = 4.0;
				TARGETED_DEVICE_FAMILY = "1,2";
				TEST_TARGET_NAME = U17;
			};
			name = Debug;
		};
		1F54E6D520183272004E5EDE /* Release */ = {
			isa = XCBuildConfiguration;
			buildSettings = {
				ALWAYS_EMBED_SWIFT_STANDARD_LIBRARIES = YES;
				CODE_SIGN_STYLE = Automatic;
				INFOPLIST_FILE = U17UITests/Info.plist;
				LD_RUNPATH_SEARCH_PATHS = "$(inherited) @executable_path/Frameworks @loader_path/Frameworks";
				PRODUCT_BUNDLE_IDENTIFIER = shijialong.U17UITests;
				PRODUCT_NAME = "$(TARGET_NAME)";
				SWIFT_VERSION = 4.0;
				TARGETED_DEVICE_FAMILY = "1,2";
				TEST_TARGET_NAME = U17;
			};
			name = Release;
		};
/* End XCBuildConfiguration section */

/* Begin XCConfigurationList section */
		1F54E6A020183272004E5EDE /* Build configuration list for PBXProject "U17" */ = {
			isa = XCConfigurationList;
			buildConfigurations = (
				1F54E6CB20183272004E5EDE /* Debug */,
				1F54E6CC20183272004E5EDE /* Release */,
			);
			defaultConfigurationIsVisible = 0;
			defaultConfigurationName = Release;
		};
		1F54E6CD20183272004E5EDE /* Build configuration list for PBXNativeTarget "U17" */ = {
			isa = XCConfigurationList;
			buildConfigurations = (
				1F54E6CE20183272004E5EDE /* Debug */,
				1F54E6CF20183272004E5EDE /* Release */,
			);
			defaultConfigurationIsVisible = 0;
			defaultConfigurationName = Release;
		};
		1F54E6D020183272004E5EDE /* Build configuration list for PBXNativeTarget "U17Tests" */ = {
			isa = XCConfigurationList;
			buildConfigurations = (
				1F54E6D120183272004E5EDE /* Debug */,
				1F54E6D220183272004E5EDE /* Release */,
			);
			defaultConfigurationIsVisible = 0;
			defaultConfigurationName = Release;
		};
		1F54E6D320183272004E5EDE /* Build configuration list for PBXNativeTarget "U17UITests" */ = {
			isa = XCConfigurationList;
			buildConfigurations = (
				1F54E6D420183272004E5EDE /* Debug */,
				1F54E6D520183272004E5EDE /* Release */,
			);
			defaultConfigurationIsVisible = 0;
			defaultConfigurationName = Release;
		};
/* End XCConfigurationList section */
	};
	rootObject = 1F54E69D20183272004E5EDE /* Project object */;
}
